
Microsoft Visual Studio Solution File, Format Version 12.00
# Visual Studio 15
VisualStudioVersion = 15.0.27428.2015
MinimumVisualStudioVersion = 10.0.40219.1
Project("{FAE04EC0-301F-11D3-BF4B-00C04F79EFBC}") = "WithAccessDatabase", "WithAccessDatabase\WithAccessDatabase.csproj", "{3D7C15DD-8F31-41DD-9DD2-F8722F6DE288}"
EndProject
Global
	GlobalSection(SolutionConfigurationPlatforms) = preSolution
		Debug|Any CPU = Debug|Any CPU
		Release|Any CPU = Release|Any CPU
	EndGlobalSection
	GlobalSection(ProjectConfigurationPlatforms) = postSolution
		{3D7C15DD-8F31-41DD-9DD2-F8722F6DE288}.Debug|Any CPU.ActiveCfg = Debug|Any CPU
		{3D7C15DD-8F31-41DD-9DD2-F8722F6DE288}.Debug|Any CPU.Build.0 = Debug|Any CPU
		{3D7C15DD-8F31-41DD-9DD2-F8722F6DE288}.Release|Any CPU.ActiveCfg = Release|Any CPU
		{3D7C15DD-8F31-41DD-9DD2-F8722F6DE288}.Release|Any CPU.Build.0 = Release|Any CPU
	EndGlobalSection
	GlobalSection(SolutionProperties) = preSolution
		HideSolutionNode = FALSE
	EndGlobalSection
	GlobalSection(ExtensibilityGlobals) = postSolution
		SolutionGuid = {361C0134-FB73-4C35-8AC2-10D6853F257C}
	EndGlobalSection
EndGlobal
